
Microsoft Visual Studio Solution File, Format Version 12.00
# Visual Studio Version 17
VisualStudioVersion = 17.2.32630.192
MinimumVisualStudioVersion = 10.0.40219.1
Project("{FAE04EC0-301F-11D3-BF4B-00C04F79EFBC}") = "Polymorphism", "Polymorphism\Polymorphism.csproj", "{15F4DEC8-FE15-4E3F-B153-7F4200220B8C}"
EndProject
Global
	GlobalSection(SolutionConfigurationPlatforms) = preSolution
		Debug|Any CPU = Debug|Any CPU
		Release|Any CPU = Release|Any CPU
	EndGlobalSection
	GlobalSection(ProjectConfigurationPlatforms) = postSolution
		{15F4DEC8-FE15-4E3F-B153-7F4200220B8C}.Debug|Any CPU.ActiveCfg = Debug|Any CPU
		{15F4DEC8-FE15-4E3F-B153-7F4200220B8C}.Debug|Any CPU.Build.0 = Debug|Any CPU
		{15F4DEC8-FE15-4E3F-B153-7F4200220B8C}.Release|Any CPU.ActiveCfg = Release|Any CPU
		{15F4DEC8-FE15-4E3F-B153-7F4200220B8C}.Release|Any CPU.Build.0 = Release|Any CPU
	EndGlobalSection
	GlobalSection(SolutionProperties) = preSolution
		HideSolutionNode = FALSE
	EndGlobalSection
	GlobalSection(ExtensibilityGlobals) = postSolution
		SolutionGuid = {66A08D8C-3620-46D8-B4B4-A2CE0156D10B}
	EndGlobalSection
EndGlobal
